
Microsoft Visual Studio Solution File, Format Version 12.00
# Visual Studio Version 17
VisualStudioVersion = 17.3.32901.215
MinimumVisualStudioVersion = 10.0.40219.1
Project("{9A19103F-16F7-4668-BE54-9A1E7A4F7556}") = "MazeEscape", "MazeEscape.csproj", "{D09290FE-D748-4828-BB25-102DBFABAE0A}"
EndProject
Global
	GlobalSection(SolutionConfigurationPlatforms) = preSolution
		Debug|Any CPU = Debug|Any CPU
		Release|Any CPU = Release|Any CPU
	EndGlobalSection
	GlobalSection(ProjectConfigurationPlatforms) = postSolution
		{D09290FE-D748-4828-BB25-102DBFABAE0A}.Debug|Any CPU.ActiveCfg = Debug|Any CPU
		{D09290FE-D748-4828-BB25-102DBFABAE0A}.Debug|Any CPU.Build.0 = Debug|Any CPU
		{D09290FE-D748-4828-BB25-102DBFABAE0A}.Release|Any CPU.ActiveCfg = Release|Any CPU
		{D09290FE-D748-4828-BB25-102DBFABAE0A}.Release|Any CPU.Build.0 = Release|Any CPU
	EndGlobalSection
	GlobalSection(SolutionProperties) = preSolution
		HideSolutionNode = FALSE
	EndGlobalSection
	GlobalSection(ExtensibilityGlobals) = postSolution
		SolutionGuid = {7522E90F-4B16-4402-87E9-EAE90252E3A4}
	EndGlobalSection
EndGlobal
